{
  "name": "aryanpokharna.github.io",
  "lockfileVersion": 3,
  "requires": true,
  "packages": {
    "": {
      "dependencies": {
        "@cloudinary/url-gen": "^1.16.0"
      }
    },
    "node_modules/@cloudinary/transformation-builder-sdk": {
      "version": "1.10.1",
      "resolved": "https://registry.npmjs.org/@cloudinary/transformation-builder-sdk/-/transformation-builder-sdk-1.10.1.tgz",
      "integrity": "sha512-UUb1wS/eWCf4YBThGszoBBzH6kP+frdd5JeJkF0/SOwbX3tkcrdzxD+Srn5GXPCqzf6Gw1nrGrv/3U9hiZP55A==",
      "dependencies": {
        "@cloudinary/url-gen": "^1.7.0"
      }
    },
    "node_modules/@cloudinary/url-gen": {
      "version": "1.16.0",
      "resolved": "https://registry.npmjs.org/@cloudinary/url-gen/-/url-gen-1.16.0.tgz",
      "integrity": "sha512-0hbxLuoTGgd555LLZKf8Ut5ey3lIaRTyvtvqD99rLeKUsbq8vrdFoSSwIP+se8pglO5ZSz6y8x6Iu5ddY3wyMw==",
      "dependencies": {
        "@cloudinary/transformation-builder-sdk": "^1.10.0"
      }
    }
  }
}
